
Microsoft Visual Studio Solution File, Format Version 12.00
# Visual Studio Version 17
VisualStudioVersion = 17.1.32228.430
MinimumVisualStudioVersion = 10.0.40219.1
Project("{FAE04EC0-301F-11D3-BF4B-00C04F79EFBC}") = "AppFinal.Android", "AppFinal.Android\AppFinal.Android.csproj", "{BC5638F9-3A75-4D5D-8587-64251DAACEBE}"
EndProject
Project("{FAE04EC0-301F-11D3-BF4B-00C04F79EFBC}") = "AppFinal.iOS", "AppFinal.iOS\AppFinal.iOS.csproj", "{9131AF27-B254-46A5-86E0-25F5F9E7EC57}"
EndProject
Project("{FAE04EC0-301F-11D3-BF4B-00C04F79EFBC}") = "AppFinal", "AppFinal\AppFinal.csproj", "{82439053-45F0-4E62-9428-2485ACE2BEA1}"
EndProject
Global
	GlobalSection(SolutionConfigurationPlatforms) = preSolution
		Debug|Any CPU = Debug|Any CPU
		Debug|iPhone = Debug|iPhone
		Debug|iPhoneSimulator = Debug|iPhoneSimulator
		Release|Any CPU = Release|Any CPU
		Release|iPhone = Release|iPhone
		Release|iPhoneSimulator = Release|iPhoneSimulator
	EndGlobalSection
	GlobalSection(ProjectConfigurationPlatforms) = postSolution
		{BC5638F9-3A75-4D5D-8587-64251DAACEBE}.Debug|Any CPU.ActiveCfg = Debug|Any CPU
		{BC5638F9-3A75-4D5D-8587-64251DAACEBE}.Debug|Any CPU.Build.0 = Debug|Any CPU
		{BC5638F9-3A75-4D5D-8587-64251DAACEBE}.Debug|Any CPU.Deploy.0 = Debug|Any CPU
		{BC5638F9-3A75-4D5D-8587-64251DAACEBE}.Debug|iPhone.ActiveCfg = Debug|Any CPU
		{BC5638F9-3A75-4D5D-8587-64251DAACEBE}.Debug|iPhone.Build.0 = Debug|Any CPU
		{BC5638F9-3A75-4D5D-8587-64251DAACEBE}.Debug|iPhone.Deploy.0 = Debug|Any CPU
		{BC5638F9-3A75-4D5D-8587-64251DAACEBE}.Debug|iPhoneSimulator.ActiveCfg = Debug|Any CPU
		{BC5638F9-3A75-4D5D-8587-64251DAACEBE}.Debug|iPhoneSimulator.Build.0 = Debug|Any CPU
		{BC5638F9-3A75-4D5D-8587-64251DAACEBE}.Debug|iPhoneSimulator.Deploy.0 = Debug|Any CPU
		{BC5638F9-3A75-4D5D-8587-64251DAACEBE}.Release|Any CPU.ActiveCfg = Release|Any CPU
		{BC5638F9-3A75-4D5D-8587-64251DAACEBE}.Release|Any CPU.Build.0 = Release|Any CPU
		{BC5638F9-3A75-4D5D-8587-64251DAACEBE}.Release|Any CPU.Deploy.0 = Release|Any CPU
		{BC5638F9-3A75-4D5D-8587-64251DAACEBE}.Release|iPhone.ActiveCfg = Release|Any CPU
		{BC5638F9-3A75-4D5D-8587-64251DAACEBE}.Release|iPhone.Build.0 = Release|Any CPU
		{BC5638F9-3A75-4D5D-8587-64251DAACEBE}.Release|iPhone.Deploy.0 = Release|Any CPU
		{BC5638F9-3A75-4D5D-8587-64251DAACEBE}.Release|iPhoneSimulator.ActiveCfg = Release|Any CPU
		{BC5638F9-3A75-4D5D-8587-64251DAACEBE}.Release|iPhoneSimulator.Build.0 = Release|Any CPU
		{BC5638F9-3A75-4D5D-8587-64251DAACEBE}.Release|iPhoneSimulator.Deploy.0 = Release|Any CPU
		{9131AF27-B254-46A5-86E0-25F5F9E7EC57}.Debug|Any CPU.ActiveCfg = Debug|iPhone
		{9131AF27-B254-46A5-86E0-25F5F9E7EC57}.Debug|Any CPU.Build.0 = Debug|iPhone
		{9131AF27-B254-46A5-86E0-25F5F9E7EC57}.Debug|Any CPU.Deploy.0 = Debug|iPhone
		{9131AF27-B254-46A5-86E0-25F5F9E7EC57}.Debug|iPhone.ActiveCfg = Debug|iPhone
		{9131AF27-B254-46A5-86E0-25F5F9E7EC57}.Debug|iPhone.Build.0 = Debug|iPhone
		{9131AF27-B254-46A5-86E0-25F5F9E7EC57}.Debug|iPhone.Deploy.0 = Debug|iPhone
		{9131AF27-B254-46A5-86E0-25F5F9E7EC57}.Debug|iPhoneSimulator.ActiveCfg = Debug|iPhoneSimulator
		{9131AF27-B254-46A5-86E0-25F5F9E7EC57}.Debug|iPhoneSimulator.Build.0 = Debug|iPhoneSimulator
		{9131AF27-B254-46A5-86E0-25F5F9E7EC57}.Debug|iPhoneSimulator.Deploy.0 = Debug|iPhoneSimulator
		{9131AF27-B254-46A5-86E0-25F5F9E7EC57}.Release|Any CPU.ActiveCfg = Release|iPhoneSimulator
		{9131AF27-B254-46A5-86E0-25F5F9E7EC57}.Release|Any CPU.Build.0 = Release|iPhoneSimulator
		{9131AF27-B254-46A5-86E0-25F5F9E7EC57}.Release|Any CPU.Deploy.0 = Release|iPhoneSimulator
		{9131AF27-B254-46A5-86E0-25F5F9E7EC57}.Release|iPhone.ActiveCfg = Release|iPhone
		{9131AF27-B254-46A5-86E0-25F5F9E7EC57}.Release|iPhone.Build.0 = Release|iPhone
		{9131AF27-B254-46A5-86E0-25F5F9E7EC57}.Release|iPhone.Deploy.0 = Release|iPhone
		{9131AF27-B254-46A5-86E0-25F5F9E7EC57}.Release|iPhoneSimulator.ActiveCfg = Release|iPhoneSimulator
		{9131AF27-B254-46A5-86E0-25F5F9E7EC57}.Release|iPhoneSimulator.Build.0 = Release|iPhoneSimulator
		{9131AF27-B254-46A5-86E0-25F5F9E7EC57}.Release|iPhoneSimulator.Deploy.0 = Release|iPhoneSimulator
		{82439053-45F0-4E62-9428-2485ACE2BEA1}.Debug|Any CPU.ActiveCfg = Debug|Any CPU
		{82439053-45F0-4E62-9428-2485ACE2BEA1}.Debug|Any CPU.Build.0 = Debug|Any CPU
		{82439053-45F0-4E62-9428-2485ACE2BEA1}.Debug|Any CPU.Deploy.0 = Debug|Any CPU
		{82439053-45F0-4E62-9428-2485ACE2BEA1}.Debug|iPhone.ActiveCfg = Debug|Any CPU
		{82439053-45F0-4E62-9428-2485ACE2BEA1}.Debug|iPhone.Build.0 = Debug|Any CPU
		{82439053-45F0-4E62-9428-2485ACE2BEA1}.Debug|iPhone.Deploy.0 = Debug|Any CPU
		{82439053-45F0-4E62-9428-2485ACE2BEA1}.Debug|iPhoneSimulator.ActiveCfg = Debug|Any CPU
		{82439053-45F0-4E62-9428-2485ACE2BEA1}.Debug|iPhoneSimulator.Build.0 = Debug|Any CPU
		{82439053-45F0-4E62-9428-2485ACE2BEA1}.Debug|iPhoneSimulator.Deploy.0 = Debug|Any CPU
		{82439053-45F0-4E62-9428-2485ACE2BEA1}.Release|Any CPU.ActiveCfg = Release|Any CPU
		{82439053-45F0-4E62-9428-2485ACE2BEA1}.Release|Any CPU.Build.0 = Release|Any CPU
		{82439053-45F0-4E62-9428-2485ACE2BEA1}.Release|Any CPU.Deploy.0 = Release|Any CPU
		{82439053-45F0-4E62-9428-2485ACE2BEA1}.Release|iPhone.ActiveCfg = Release|Any CPU
		{82439053-45F0-4E62-9428-2485ACE2BEA1}.Release|iPhone.Build.0 = Release|Any CPU
		{82439053-45F0-4E62-9428-2485ACE2BEA1}.Release|iPhone.Deploy.0 = Release|Any CPU
		{82439053-45F0-4E62-9428-2485ACE2BEA1}.Release|iPhoneSimulator.ActiveCfg = Release|Any CPU
		{82439053-45F0-4E62-9428-2485ACE2BEA1}.Release|iPhoneSimulator.Build.0 = Release|Any CPU
		{82439053-45F0-4E62-9428-2485ACE2BEA1}.Release|iPhoneSimulator.Deploy.0 = Release|Any CPU
	EndGlobalSection
	GlobalSection(SolutionProperties) = preSolution
		HideSolutionNode = FALSE
	EndGlobalSection
	GlobalSection(ExtensibilityGlobals) = postSolution
		SolutionGuid = {40CE1646-BE28-4B3D-B858-092127F91025}
	EndGlobalSection
EndGlobal
